{
  "name": "principal-pi-skills-evals",
  "version": "0.0.0",
  "lockfileVersion": 3,
  "requires": true,
  "packages": {
    "": {
      "name": "principal-pi-skills-evals",
      "version": "0.0.0",
      "devDependencies": {
        "principal-pi-skills": "4.6.0",
        "skill-harness": "^0.21.0"
      }
    },
    "node_modules/@skill-harness/adapters": {
      "version": "0.21.0",
      "resolved": "https://registry.npmjs.org/@skill-harness/adapters/-/adapters-0.21.0.tgz",
      "integrity": "sha512-k3kvHsZePxEoDFDovnAMsAAl3/OUkF4EpY7qkwUEnrTavHPe/V5lttoempdBq5oM6KJwRiz9NRJylPRzPgafbA==",
      "dev": true,
      "license": "MIT",
      "dependencies": {
        "@skill-harness/core": "0.21.0"
      },
      "engines": {
        "node": ">=20"
      }
    },
    "node_modules/@skill-harness/cli": {
      "version": "0.21.0",
      "resolved": "https://registry.npmjs.org/@skill-harness/cli/-/cli-0.21.0.tgz",
      "integrity": "sha512-tUzNsmsj+3HDKQmANzmXEVIA5jDageF139cS+wfoLulWgo0SfWfk5aFaTV47IIgJ8ud4T7s/6ZPAH3mU88/8Nw==",
      "dev": true,
      "license": "MIT",
      "dependencies": {
        "@skill-harness/adapters": "0.21.0",
        "@skill-harness/core": "0.21.0"
      },
      "bin": {
        "skill-harness": "dist/cli.js"
      },
      "engines": {
        "node": ">=20"
      }
    },
    "node_modules/@skill-harness/core": {
      "version": "0.21.0",
      "resolved": "https://registry.npmjs.org/@skill-harness/core/-/core-0.21.0.tgz",
      "integrity": "sha512-fLNE2c3azSBxj+RiffeH/l6VkV41Cfnz5ZAJfvKVb5b7ssVuUQgnMRNlxPxI02neorwIThGx1TIFaEd8VubkIQ==",
      "dev": true,
      "license": "MIT",
      "dependencies": {
        "js-yaml": "^4.3.2"
      },
      "engines": {
        "node": ">=20"
      }
    },
    "node_modules/argparse": {
      "version": "2.0.1",
      "resolved": "https://registry.npmjs.org/argparse/-/argparse-2.0.1.tgz",
      "integrity": "sha512-8+9WqebbFzpX9OR+Wa6O29asIogeRMzcGtAINdpMHHyAg10f05aSFVBbcEqGf/PXw1EjAZ+q2/bEBg3DvurK3Q==",
      "dev": true,
      "license": "Python-2.0"
    },
    "node_modules/js-yaml": {
      "version": "4.3.2",
      "resolved": "https://registry.npmjs.org/js-yaml/-/js-yaml-4.3.2.tgz",
      "integrity": "sha512-SFNOvSJ+Dgf/9An904Yx+CgSlIPCkIpao4qo51lpee25TIRejdH3rhR4EZMGoNx3/TP3O+wzWuiTFl4sqbltzA==",
      "dev": true,
      "funding": [
        {
          "type": "github",
          "url": "https://github.com/sponsors/puzrin"
        },
        {
          "type": "github",
          "url": "https://github.com/sponsors/nodeca"
        }
      ],
      "license": "MIT",
      "dependencies": {
        "argparse": "^2.0.1"
      },
      "bin": {
        "js-yaml": "bin/js-yaml.js"
      }
    },
    "node_modules/principal-pi-skills": {
      "version": "4.6.0",
      "resolved": "https://registry.npmjs.org/principal-pi-skills/-/principal-pi-skills-4.6.0.tgz",
      "integrity": "sha512-3YeUKzcqQM7hrNW9WD/Qcv+901mz6uUbnoksd0fEHRjhlACfWSj61jElvxVhGajgML60DrrvxgQcNW32SShfKg==",
      "dev": true,
      "license": "MIT",
      "bin": {
        "principal-pi-agents": "scripts/install-agents.mjs",
        "principal-pi-workspace": "scripts/snapshot-workspace.mjs"
      },
      "engines": {
        "node": ">=20"
      }
    },
    "node_modules/skill-harness": {
      "version": "0.21.0",
      "resolved": "https://registry.npmjs.org/skill-harness/-/skill-harness-0.21.0.tgz",
      "integrity": "sha512-7KxgcIZ6f+h4paDbe4q06CUTICjYnNiVC8rCZ0neUWw/M/hA5wnea8mn7Cv9VQBXf0AtBKC1YeVoyYeCiTiB1A==",
      "dev": true,
      "license": "MIT",
      "dependencies": {
        "@skill-harness/cli": "0.21.0",
        "typebox": "^1.1.38"
      },
      "bin": {
        "skill-harness": "bin.js"
      },
      "engines": {
        "node": ">=20"
      }
    },
    "node_modules/typebox": {
      "version": "1.3.34",
      "resolved": "https://registry.npmjs.org/typebox/-/typebox-1.3.34.tgz",
      "integrity": "sha512-wbnzrXXDW8xEFHDZZs2jo1MkhaYlKAY4FRhpBc1+2LF1fZVBGCXGdLEhA/Z/NBbgzJMFfeM8m7elKPa/+KxaUQ==",
      "dev": true,
      "license": "MIT"
    }
  }
}
